// !$*UTF8*$!
{
	archiveVersion = 1;
	classes = {
	};
	objectVersion = 46;
	objects = {

/* Begin PBXBuildFile section */
		429453341A654817004FD70D /* main.m in Sources */ = {isa = PBXBuildFile; fileRef = 429453331A654817004FD70D /* main.m */; };
		429453371A654817004FD70D /* AppDelegate.m in Sources */ = {isa = PBXBuildFile; fileRef = 429453361A654817004FD70D /* AppDelegate.m */; };
		4294533A1A654817004FD70D /* My_original.xcdatamodeld in Sources */ = {isa = PBXBuildFile; fileRef = 429453381A654817004FD70D /* My_original.xcdatamodeld */; };
		4294533D1A654817004FD70D /* ViewController.m in Sources */ = {isa = PBXBuildFile; fileRef = 4294533C1A654817004FD70D /* ViewController.m */; };
		429453401A654817004FD70D /* Main.storyboard in Resources */ = {isa = PBXBuildFile; fileRef = 4294533E1A654817004FD70D /* Main.storyboard */; };
		429453421A654817004FD70D /* Images.xcassets in Resources */ = {isa = PBXBuildFile; fileRef = 429453411A654817004FD70D /* Images.xcassets */; };
		429453451A654817004FD70D /* LaunchScreen.xib in Resources */ = {isa = PBXBuildFile; fileRef = 429453431A654817004FD70D /* LaunchScreen.xib */; };
		429453511A654817004FD70D /* My_originalTests.m in Sources */ = {isa = PBXBuildFile; fileRef = 429453501A654817004FD70D /* My_originalTests.m */; };
/* End PBXBuildFile section */

/* Begin PBXContainerItemProxy section */
		4294534B1A654817004FD70D /* PBXContainerItemProxy */ = {
			isa = PBXContainerItemProxy;
			containerPortal = 429453261A654817004FD70D /* Project object */;
			proxyType = 1;
			remoteGlobalIDString = 4294532D1A654817004FD70D;
			remoteInfo = "My-original";
		};
/* End PBXContainerItemProxy section */

/* Begin PBXFileReference section */
		4294532E1A654817004FD70D /* My-original.app */ = {isa = PBXFileReference; explicitFileType = wrapper.application; includeInIndex = 0; path = "My-original.app"; sourceTree = BUILT_PRODUCTS_DIR; };
		429453321A654817004FD70D /* Info.plist */ = {isa = PBXFileReference; lastKnownFileType = text.plist.xml; path = Info.plist; sourceTree = "<group>"; };
		429453331A654817004FD70D /* main.m */ = {isa = PBXFileReference; lastKnownFileType = sourcecode.c.objc; path = main.m; sourceTree = "<group>"; };
		429453351A654817004FD70D /* AppDelegate.h */ = {isa = PBXFileReference; lastKnownFileType = sourcecode.c.h; path = AppDelegate.h; sourceTree = "<group>"; };
		429453361A654817004FD70D /* AppDelegate.m */ = {isa = PBXFileReference; lastKnownFileType = sourcecode.c.objc; path = AppDelegate.m; sourceTree = "<group>"; };
		429453391A654817004FD70D /* My_original.xcdatamodel */ = {isa = PBXFileReference; lastKnownFileType = wrapper.xcdatamodel; path = My_original.xcdatamodel; sourceTree = "<group>"; };
		4294533B1A654817004FD70D /* ViewController.h */ = {isa = PBXFileReference; lastKnownFileType = sourcecode.c.h; path = ViewController.h; sourceTree = "<group>"; };
		4294533C1A654817004FD70D /* ViewController.m */ = {isa = PBXFileReference; lastKnownFileType = sourcecode.c.objc; path = ViewController.m; sourceTree = "<group>"; };
		4294533F1A654817004FD70D /* Base */ = {isa = PBXFileReference; lastKnownFileType = file.storyboard; name = Base; path = Base.lproj/Main.storyboard; sourceTree = "<group>"; };
		429453411A654817004FD70D /* Images.xcassets */ = {isa = PBXFileReference; lastKnownFileType = folder.assetcatalog; path = Images.xcassets; sourceTree = "<group>"; };
		429453441A654817004FD70D /* Base */ = {isa = PBXFileReference; lastKnownFileType = file.xib; name = Base; path = Base.lproj/LaunchScreen.xib; sourceTree = "<group>"; };
		4294534A1A654817004FD70D /* My-originalTests.xctest */ = {isa = PBXFileReference; explicitFileType = wrapper.cfbundle; includeInIndex = 0; path = "My-originalTests.xctest"; sourceTree = BUILT_PRODUCTS_DIR; };
		4294534F1A654817004FD70D /* Info.plist */ = {isa = PBXFileReference; lastKnownFileType = text.plist.xml; path = Info.plist; sourceTree = "<group>"; };
		429453501A654817004FD70D /* My_originalTests.m */ = {isa = PBXFileReference; lastKnownFileType = sourcecode.c.objc; path = My_originalTests.m; sourceTree = "<group>"; };
/* End PBXFileReference section */

/* Begin PBXFrameworksBuildPhase section */
		4294532B1A654817004FD70D /* Frameworks */ = {
			isa = PBXFrameworksBuildPhase;
			buildActionMask = 2147483647;
			files = (
			);
			runOnlyForDeploymentPostprocessing = 0;
		};
		429453471A654817004FD70D /* Frameworks */ = {
			isa = PBXFrameworksBuildPhase;
			buildActionMask = 2147483647;
			files = (
			);
			runOnlyForDeploymentPostprocessing = 0;
		};
/* End PBXFrameworksBuildPhase section */

/* Begin PBXGroup section */
		429453251A654817004FD70D = {
			isa = PBXGroup;
			children = (
				429453301A654817004FD70D /* My-original */,
				4294534D1A654817004FD70D /* My-originalTests */,
				4294532F1A654817004FD70D /* Products */,
			);
			sourceTree = "<group>";
		};
		4294532F1A654817004FD70D /* Products */ = {
			isa = PBXGroup;
			children = (
				4294532E1A654817004FD70D /* My-original.app */,
				4294534A1A654817004FD70D /* My-originalTests.xctest */,
			);
			name = Products;
			sourceTree = "<group>";
		};
		429453301A654817004FD70D /* My-original */ = {
			isa = PBXGroup;
			children = (
				429453351A654817004FD70D /* AppDelegate.h */,
				429453361A654817004FD70D /* AppDelegate.m */,
				4294533B1A654817004FD70D /* ViewController.h */,
				4294533C1A654817004FD70D /* ViewController.m */,
				4294533E1A654817004FD70D /* Main.storyboard */,
				429453411A654817004FD70D /* Images.xcassets */,
				429453431A654817004FD70D /* LaunchScreen.xib */,
				429453381A654817004FD70D /* My_original.xcdatamodeld */,
				429453311A654817004FD70D /* Supporting Files */,
			);
			path = "My-original";
			sourceTree = "<group>";
		};
		429453311A654817004FD70D /* Supporting Files */ = {
			isa = PBXGroup;
			children = (
				429453321A654817004FD70D /* Info.plist */,
				429453331A654817004FD70D /* main.m */,
			);
			name = "Supporting Files";
			sourceTree = "<group>";
		};
		4294534D1A654817004FD70D /* My-originalTests */ = {
			isa = PBXGroup;
			children = (
				429453501A654817004FD70D /* My_originalTests.m */,
				4294534E1A654817004FD70D /* Supporting Files */,
			);
			path = "My-originalTests";
			sourceTree = "<group>";
		};
		4294534E1A654817004FD70D /* Supporting Files */ = {
			isa = PBXGroup;
			children = (
				4294534F1A654817004FD70D /* Info.plist */,
			);
			name = "Supporting Files";
			sourceTree = "<group>";
		};
/* End PBXGroup section */

/* Begin PBXNativeTarget section */
		4294532D1A654817004FD70D /* My-original */ = {
			isa = PBXNativeTarget;
			buildConfigurationList = 429453541A654818004FD70D /* Build configuration list for PBXNativeTarget "My-original" */;
			buildPhases = (
				4294532A1A654817004FD70D /* Sources */,
				4294532B1A654817004FD70D /* Frameworks */,
				4294532C1A654817004FD70D /* Resources */,
			);
			buildRules = (
			);
			dependencies = (
			);
			name = "My-original";
			productName = "My-original";
			productReference = 4294532E1A654817004FD70D /* My-original.app */;
			productType = "com.apple.product-type.application";
		};
		429453491A654817004FD70D /* My-originalTests */ = {
			isa = PBXNativeTarget;
			buildConfigurationList = 429453571A654818004FD70D /* Build configuration list for PBXNativeTarget "My-originalTests" */;
			buildPhases = (
				429453461A654817004FD70D /* Sources */,
				429453471A654817004FD70D /* Frameworks */,
				429453481A654817004FD70D /* Resources */,
			);
			buildRules = (
			);
			dependencies = (
				4294534C1A654817004FD70D /* PBXTargetDependency */,
			);
			name = "My-originalTests";
			productName = "My-originalTests";
			productReference = 4294534A1A654817004FD70D /* My-originalTests.xctest */;
			productType = "com.apple.product-type.bundle.unit-test";
		};
/* End PBXNativeTarget section */

/* Begin PBXProject section */
		429453261A654817004FD70D /* Project object */ = {
			isa = PBXProject;
			attributes = {
				LastUpgradeCheck = 0610;
				ORGANIZATIONNAME = "中村　龍太郎";
				TargetAttributes = {
					4294532D1A654817004FD70D = {
						CreatedOnToolsVersion = 6.1.1;
					};
					429453491A654817004FD70D = {
						CreatedOnToolsVersion = 6.1.1;
						TestTargetID = 4294532D1A654817004FD70D;
					};
				};
			};
			buildConfigurationList = 429453291A654817004FD70D /* Build configuration list for PBXProject "My-original" */;
			compatibilityVersion = "Xcode 3.2";
			developmentRegion = English;
			hasScannedForEncodings = 0;
			knownRegions = (
				en,
				Base,
			);
			mainGroup = 429453251A654817004FD70D;
			productRefGroup = 4294532F1A654817004FD70D /* Products */;
			projectDirPath = "";
			projectRoot = "";
			targets = (
				4294532D1A654817004FD70D /* My-original */,
				429453491A654817004FD70D /* My-originalTests */,
			);
		};
/* End PBXProject section */

/* Begin PBXResourcesBuildPhase section */
		4294532C1A654817004FD70D /* Resources */ = {
			isa = PBXResourcesBuildPhase;
			buildActionMask = 2147483647;
			files = (
				429453401A654817004FD70D /* Main.storyboard in Resources */,
				429453451A654817004FD70D /* LaunchScreen.xib in Resources */,
				429453421A654817004FD70D /* Images.xcassets in Resources */,
			);
			runOnlyForDeploymentPostprocessing = 0;
		};
		429453481A654817004FD70D /* Resources */ = {
			isa = PBXResourcesBuildPhase;
			buildActionMask = 2147483647;
			files = (
			);
			runOnlyForDeploymentPostprocessing = 0;
		};
/* End PBXResourcesBuildPhase section */

/* Begin PBXSourcesBuildPhase section */
		4294532A1A654817004FD70D /* Sources */ = {
			isa = PBXSourcesBuildPhase;
			buildActionMask = 2147483647;
			files = (
				429453371A654817004FD70D /* AppDelegate.m in Sources */,
				4294533A1A654817004FD70D /* My_original.xcdatamodeld in Sources */,
				4294533D1A654817004FD70D /* ViewController.m in Sources */,
				429453341A654817004FD70D /* main.m in Sources */,
			);
			runOnlyForDeploymentPostprocessing = 0;
		};
		429453461A654817004FD70D /* Sources */ = {
			isa = PBXSourcesBuildPhase;
			buildActionMask = 2147483647;
			files = (
				429453511A654817004FD70D /* My_originalTests.m in Sources */,
			);
			runOnlyForDeploymentPostprocessing = 0;
		};
/* End PBXSourcesBuildPhase section */

/* Begin PBXTargetDependency section */
		4294534C1A654817004FD70D /* PBXTargetDependency */ = {
			isa = PBXTargetDependency;
			target = 4294532D1A654817004FD70D /* My-original */;
			targetProxy = 4294534B1A654817004FD70D /* PBXContainerItemProxy */;
		};
/* End PBXTargetDependency section */

/* Begin PBXVariantGroup section */
		4294533E1A654817004FD70D /* Main.storyboard */ = {
			isa = PBXVariantGroup;
			children = (
				4294533F1A654817004FD70D /* Base */,
			);
			name = Main.storyboard;
			sourceTree = "<group>";
		};
		429453431A654817004FD70D /* LaunchScreen.xib */ = {
			isa = PBXVariantGroup;
			children = (
				429453441A654817004FD70D /* Base */,
			);
			name = LaunchScreen.xib;
			sourceTree = "<group>";
		};
/* End PBXVariantGroup section */

/* Begin XCBuildConfiguration section */
		429453521A654818004FD70D /* Debug */ = {
			isa = XCBuildConfiguration;
			buildSettings = {
				ALWAYS_SEARCH_USER_PATHS = NO;
				CLANG_CXX_LANGUAGE_STANDARD = "gnu++0x";
				CLANG_CXX_LIBRARY = "libc++";
				CLANG_ENABLE_MODULES = YES;
				CLANG_ENABLE_OBJC_ARC = YES;
				CLANG_WARN_BOOL_CONVERSION = YES;
				CLANG_WARN_CONSTANT_CONVERSION = YES;
				CLANG_WARN_DIRECT_OBJC_ISA_USAGE = YES_ERROR;
				CLANG_WARN_EMPTY_BODY = YES;
				CLANG_WARN_ENUM_CONVERSION = YES;
				CLANG_WARN_INT_CONVERSION = YES;
				CLANG_WARN_OBJC_ROOT_CLASS = YES_ERROR;
				CLANG_WARN_UNREACHABLE_CODE = YES;
				CLANG_WARN__DUPLICATE_METHOD_MATCH = YES;
				"CODE_SIGN_IDENTITY[sdk=iphoneos*]" = "iPhone Developer";
				COPY_PHASE_STRIP = NO;
				ENABLE_STRICT_OBJC_MSGSEND = YES;
				GCC_C_LANGUAGE_STANDARD = gnu99;
				GCC_DYNAMIC_NO_PIC = NO;
				GCC_OPTIMIZATION_LEVEL = 0;
				GCC_PREPROCESSOR_DEFINITIONS = (
					"DEBUG=1",
					"$(inherited)",
				);
				GCC_SYMBOLS_PRIVATE_EXTERN = NO;
				GCC_WARN_64_TO_32_BIT_CONVERSION = YES;
				GCC_WARN_ABOUT_RETURN_TYPE = YES_ERROR;
				GCC_WARN_UNDECLARED_SELECTOR = YES;
				GCC_WARN_UNINITIALIZED_AUTOS = YES_AGGRESSIVE;
				GCC_WARN_UNUSED_FUNCTION = YES;
				GCC_WARN_UNUSED_VARIABLE = YES;
				IPHONEOS_DEPLOYMENT_TARGET = 8.1;
				MTL_ENABLE_DEBUG_INFO = YES;
				ONLY_ACTIVE_ARCH = YES;
				SDKROOT = iphoneos;
			};
			name = Debug;
		};
		429453531A654818004FD70D /* Release */ = {
			isa = XCBuildConfiguration;
			buildSettings = {
				ALWAYS_SEARCH_USER_PATHS = NO;
				CLANG_CXX_LANGUAGE_STANDARD = "gnu++0x";
				CLANG_CXX_LIBRARY = "libc++";
				CLANG_ENABLE_MODULES = YES;
				CLANG_ENABLE_OBJC_ARC = YES;
				CLANG_WARN_BOOL_CONVERSION = YES;
				CLANG_WARN_CONSTANT_CONVERSION = YES;
				CLANG_WARN_DIRECT_OBJC_ISA_USAGE = YES_ERROR;
				CLANG_WARN_EMPTY_BODY = YES;
				CLANG_WARN_ENUM_CONVERSION = YES;
				CLANG_WARN_INT_CONVERSION = YES;
				CLANG_WARN_OBJC_ROOT_CLASS = YES_ERROR;
				CLANG_WARN_UNREACHABLE_CODE = YES;
				CLANG_WARN__DUPLICATE_METHOD_MATCH = YES;
				"CODE_SIGN_IDENTITY[sdk=iphoneos*]" = "iPhone Developer";
				COPY_PHASE_STRIP = YES;
				ENABLE_NS_ASSERTIONS = NO;
				ENABLE_STRICT_OBJC_MSGSEND = YES;
				GCC_C_LANGUAGE_STANDARD = gnu99;
				GCC_WARN_64_TO_32_BIT_CONVERSION = YES;
				GCC_WARN_ABOUT_RETURN_TYPE = YES_ERROR;
				GCC_WARN_UNDECLARED_SELECTOR = YES;
				GCC_WARN_UNINITIALIZED_AUTOS = YES_AGGRESSIVE;
				GCC_WARN_UNUSED_FUNCTION = YES;
				GCC_WARN_UNUSED_VARIABLE = YES;
				IPHONEOS_DEPLOYMENT_TARGET = 8.1;
				MTL_ENABLE_DEBUG_INFO = NO;
				SDKROOT = iphoneos;
				VALIDATE_PRODUCT = YES;
			};
			name = Release;
		};
		429453551A654818004FD70D /* Debug */ = {
			isa = XCBuildConfiguration;
			buildSettings = {
				ASSETCATALOG_COMPILER_APPICON_NAME = AppIcon;
				INFOPLIST_FILE = "My-original/Info.plist";
				LD_RUNPATH_SEARCH_PATHS = "$(inherited) @executable_path/Frameworks";
				PRODUCT_NAME = "$(TARGET_NAME)";
			};
			name = Debug;
		};
		429453561A654818004FD70D /* Release */ = {
			isa = XCBuildConfiguration;
			buildSettings = {
				ASSETCATALOG_COMPILER_APPICON_NAME = AppIcon;
				INFOPLIST_FILE = "My-original/Info.plist";
				LD_RUNPATH_SEARCH_PATHS = "$(inherited) @executable_path/Frameworks";
				PRODUCT_NAME = "$(TARGET_NAME)";
			};
			name = Release;
		};
		429453581A654818004FD70D /* Debug */ = {
			isa = XCBuildConfiguration;
			buildSettings = {
				BUNDLE_LOADER = "$(TEST_HOST)";
				FRAMEWORK_SEARCH_PATHS = (
					"$(SDKROOT)/Developer/Library/Frameworks",
					"$(inherited)",
				);
				GCC_PREPROCESSOR_DEFINITIONS = (
					"DEBUG=1",
					"$(inherited)",
				);
				INFOPLIST_FILE = "My-originalTests/Info.plist";
				LD_RUNPATH_SEARCH_PATHS = "$(inherited) @executable_path/Frameworks @loader_path/Frameworks";
				PRODUCT_NAME = "$(TARGET_NAME)";
				TEST_HOST = "$(BUILT_PRODUCTS_DIR)/My-original.app/My-original";
			};
			name = Debug;
		};
		429453591A654818004FD70D /* Release */ = {
			isa = XCBuildConfiguration;
			buildSettings = {
				BUNDLE_LOADER = "$(TEST_HOST)";
				FRAMEWORK_SEARCH_PATHS = (
					"$(SDKROOT)/Developer/Library/Frameworks",
					"$(inherited)",
				);
				INFOPLIST_FILE = "My-originalTests/Info.plist";
				LD_RUNPATH_SEARCH_PATHS = "$(inherited) @executable_path/Frameworks @loader_path/Frameworks";
				PRODUCT_NAME = "$(TARGET_NAME)";
				TEST_HOST = "$(BUILT_PRODUCTS_DIR)/My-original.app/My-original";
			};
			name = Release;
		};
/* End XCBuildConfiguration section */

/* Begin XCConfigurationList section */
		429453291A654817004FD70D /* Build configuration list for PBXProject "My-original" */ = {
			isa = XCConfigurationList;
			buildConfigurations = (
				429453521A654818004FD70D /* Debug */,
				429453531A654818004FD70D /* Release */,
			);
			defaultConfigurationIsVisible = 0;
			defaultConfigurationName = Release;
		};
		429453541A654818004FD70D /* Build configuration list for PBXNativeTarget "My-original" */ = {
			isa = XCConfigurationList;
			buildConfigurations = (
				429453551A654818004FD70D /* Debug */,
				429453561A654818004FD70D /* Release */,
			);
			defaultConfigurationIsVisible = 0;
		};
		429453571A654818004FD70D /* Build configuration list for PBXNativeTarget "My-originalTests" */ = {
			isa = XCConfigurationList;
			buildConfigurations = (
				429453581A654818004FD70D /* Debug */,
				429453591A654818004FD70D /* Release */,
			);
			defaultConfigurationIsVisible = 0;
		};
/* End XCConfigurationList section */

/* Begin XCVersionGroup section */
		429453381A654817004FD70D /* My_original.xcdatamodeld */ = {
			isa = XCVersionGroup;
			children = (
				429453391A654817004FD70D /* My_original.xcdatamodel */,
			);
			currentVersion = 429453391A654817004FD70D /* My_original.xcdatamodel */;
			path = My_original.xcdatamodeld;
			sourceTree = "<group>";
			versionGroupType = wrapper.xcdatamodel;
		};
/* End XCVersionGroup section */
	};
	rootObject = 429453261A654817004FD70D /* Project object */;
}
